Microsoft Visual Studio Solution File, Format Version 12.00
# Visual Studio Version 17
VisualStudioVersion = 17.5.2.0
MinimumVisualStudioVersion = 10.0.40219.1
Project("{FAE04EC0-301F-11D3-BF4B-00C04F79EFBC}") = "back-end-chat", "back-end-chat\back-end-chat.csproj", "{2CE4512F-1B53-74AD-FDF7-20E5294A1F16}"
EndProject
Global
	GlobalSection(SolutionConfigurationPlatforms) = preSolution
		Debug|Any CPU = Debug|Any CPU
		Release|Any CPU = Release|Any CPU
	EndGlobalSection
	GlobalSection(ProjectConfigurationPlatforms) = postSolution
		{2CE4512F-1B53-74AD-FDF7-20E5294A1F16}.Debug|Any CPU.ActiveCfg = Debug|Any CPU
		{2CE4512F-1B53-74AD-FDF7-20E5294A1F16}.Debug|Any CPU.Build.0 = Debug|Any CPU
		{2CE4512F-1B53-74AD-FDF7-20E5294A1F16}.Release|Any CPU.ActiveCfg = Release|Any CPU
		{2CE4512F-1B53-74AD-FDF7-20E5294A1F16}.Release|Any CPU.Build.0 = Release|Any CPU
	EndGlobalSection
	GlobalSection(SolutionProperties) = preSolution
		HideSolutionNode = FALSE
	EndGlobalSection
	GlobalSection(ExtensibilityGlobals) = postSolution
		SolutionGuid = {D3E96490-B2DC-40BE-882C-A0F29FD8AD96}
	EndGlobalSection
EndGlobal
